schema_version: 0.1.0-draft
package:
  coordinate: aip/calculator
  version: 1.0.1
manifest_digest: sha256:a4816449e3c06f22e2ddc67464bf5cae3cefeeedf2405091985bf4bebedd0ffc
resolutions:
- id: macos-arm64-cpython-3.12
  target:
    operating_system: macos
    architecture: arm64
    python_implementation: cpython
    python_version: '3.12'
  resolver:
    name: uv
    version: 0.10.12
  requirements_digest: sha256:5f895b290bb5651853f16cf90f14200d8ed11375ec00bff3ec038ce6776d9c05
  python:
  - name: astropy
    version: 8.0.1
    direct: true
    source:
      kind: index
      url: https://pypi.org/simple/astropy/
    artifact:
      url: https://files.pythonhosted.org/packages/a6/34/074f367d5699a1008b24c50acc1539f05f2cfc881b1901f4b110d57eae20/astropy-8.0.1-cp311-abi3-macosx_11_0_arm64.whl
      sha256: 222f0b9837e79fd3d101e6d4e4579e3aa98c490000bb01e35cd32fd3e3c12bf5
  - name: astropy-iers-data
    version: 0.2026.7.20.15.31.18
    direct: false
    source:
      kind: index
      url: https://pypi.org/simple/astropy-iers-data/
    artifact:
      url: https://files.pythonhosted.org/packages/a3/eb/87cede1d1a2a8e6f326c4f8dd1e21682ffc3dd4eee41afd0f84a67de7da2/astropy_iers_data-0.2026.7.20.15.31.18-py3-none-any.whl
      sha256: 9e4b70b435242a613ad9626e46342ed8a991e058bb273cd6bb256e3bc8caee2f
  - name: mpmath
    version: 1.3.0
    direct: true
    source:
      kind: index
      url: https://pypi.org/simple/mpmath/
    artifact:
      url: https://files.pythonhosted.org/packages/43/e3/7d92a15f894aa0c9c4b49b8ee9ac9850d6e63b03c9c32c0367a13ae62209/mpmath-1.3.0-py3-none-any.whl
      sha256: a0b2b9fe80bbcd81a6647ff13108738cfb482d481d826cc0e02f5b35e5c88d2c
  - name: numpy
    version: 2.5.1
    direct: false
    source:
      kind: index
      url: https://pypi.org/simple/numpy/
    artifact:
      url: https://files.pythonhosted.org/packages/42/77/fdf34a71dd30f54979b18603bee915e0aaf825b07afe79acd60b04b691e2/numpy-2.5.1-cp312-cp312-macosx_14_0_arm64.whl
      sha256: 78798bd5b9ad744056af8efa90e3b9ddaa53272a0848a483084a1cc0a13b2dc0
  - name: packaging
    version: '26.2'
    direct: false
    source:
      kind: index
      url: https://pypi.org/simple/packaging/
    artifact:
      url: https://files.pythonhosted.org/packages/df/b2/87e62e8c3e2f4b32e5fe99e0b86d576da1312593b39f47d8ceef365e95ed/packaging-26.2-py3-none-any.whl
      sha256: 5fc45236b9446107ff2415ce77c807cee2862cb6fac22b8a73826d0693b0980e
  - name: pyerfa
    version: 2.0.1.5
    direct: false
    source:
      kind: index
      url: https://pypi.org/simple/pyerfa/
    artifact:
      url: https://files.pythonhosted.org/packages/11/4a/31a363370478b63c6289a34743f2ba2d3ae1bd8223e004d18ab28fb92385/pyerfa-2.0.1.5-cp39-abi3-macosx_11_0_arm64.whl
      sha256: be1aeb70390dd03a34faf96749d5cabc58437410b4aab7213c512323932427df
  - name: pyyaml
    version: 6.0.3
    direct: false
    source:
      kind: index
      url: https://pypi.org/simple/pyyaml/
    artifact:
      url: https://files.pythonhosted.org/packages/89/a0/6cf41a19a1f2f3feab0e9c0b74134aa2ce6849093d5517a0c550fe37a648/pyyaml-6.0.3-cp312-cp312-macosx_11_0_arm64.whl
      sha256: fc09d0aa354569bc501d4e787133afc08552722d3ab34836a80547331bb5d4a0
  - name: sympy
    version: 1.14.0
    direct: true
    source:
      kind: index
      url: https://pypi.org/simple/sympy/
    artifact:
      url: https://files.pythonhosted.org/packages/a2/09/77d55d46fd61b4a135c444fc97158ef34a095e5681d0a6c10b75bf356191/sympy-1.14.0-py3-none-any.whl
      sha256: e091cc3e99d2141a0ba2847328f5479b05d94a6635cb96148ccb3f34671bd8f5
  system: []
  containers: []
